
Microsoft Visual Studio Solution File, Format Version 12.00
# Visual Studio Version 16
VisualStudioVersion = 16.0.30114.105
MinimumVisualStudioVersion = 10.0.40219.1
Project("{2150E333-8FDC-42A3-9474-1A3956D46DE8}") = "SolutionItems", "SolutionItems", "{4A4E9F59-D91B-45DB-A115-0E516A6F38AA}"
	ProjectSection(SolutionItems) = preProject
		.editorconfig = .editorconfig
		.gitignore = .gitignore
		Directory.Build.props = Directory.Build.props
		Directory.Build.targets = Directory.Build.targets
		global.json = global.json
		README.md = README.md
	EndProjectSection
EndProject
Project("{9A19103F-16F7-4668-BE54-9A1E7A4F7556}") = "ProjectNameToReplace", "src\ProjectNameToReplace\ProjectNameToReplace.csproj", "{181A3A29-0884-4080-9C5B-7E8FC3F13C2F}"
EndProject
Project("{9A19103F-16F7-4668-BE54-9A1E7A4F7556}") = "ProjectNameToReplace.Tests", "src\ProjectNameToReplace.Tests\ProjectNameToReplace.Tests.csproj", "{72A79C84-EFF2-4E2E-A37D-F7F875048DA9}"
EndProject
Global
	GlobalSection(SolutionConfigurationPlatforms) = preSolution
		Debug|Any CPU = Debug|Any CPU
		Release|Any CPU = Release|Any CPU
	EndGlobalSection
	GlobalSection(ProjectConfigurationPlatforms) = postSolution
		{181A3A29-0884-4080-9C5B-7E8FC3F13C2F}.Debug|Any CPU.ActiveCfg = Debug|Any CPU
		{181A3A29-0884-4080-9C5B-7E8FC3F13C2F}.Debug|Any CPU.Build.0 = Debug|Any CPU
		{181A3A29-0884-4080-9C5B-7E8FC3F13C2F}.Release|Any CPU.ActiveCfg = Release|Any CPU
		{181A3A29-0884-4080-9C5B-7E8FC3F13C2F}.Release|Any CPU.Build.0 = Release|Any CPU
		{72A79C84-EFF2-4E2E-A37D-F7F875048DA9}.Debug|Any CPU.ActiveCfg = Debug|Any CPU
		{72A79C84-EFF2-4E2E-A37D-F7F875048DA9}.Debug|Any CPU.Build.0 = Debug|Any CPU
		{72A79C84-EFF2-4E2E-A37D-F7F875048DA9}.Release|Any CPU.ActiveCfg = Release|Any CPU
		{72A79C84-EFF2-4E2E-A37D-F7F875048DA9}.Release|Any CPU.Build.0 = Release|Any CPU
	EndGlobalSection
	GlobalSection(SolutionProperties) = preSolution
		HideSolutionNode = FALSE
	EndGlobalSection
	GlobalSection(ExtensibilityGlobals) = postSolution
		SolutionGuid = {6A74EFC0-1537-4362-B314-B7F8E4CA4DD3}
	EndGlobalSection
EndGlobal
